// !$*UTF8*$!
{
	archiveVersion = 1;
	classes = {
	};
	objectVersion = 46;
	objects = {

/* Begin PBXBuildFile section */
		9521A6641BB9E91700F074E5 /* main.m in Sources */ = {isa = PBXBuildFile; fileRef = 9521A6631BB9E91700F074E5 /* main.m */; };
		9521A6671BB9E91700F074E5 /* AppDelegate.m in Sources */ = {isa = PBXBuildFile; fileRef = 9521A6661BB9E91700F074E5 /* AppDelegate.m */; };
		9521A6691BB9E91700F074E5 /* Images.xcassets in Resources */ = {isa = PBXBuildFile; fileRef = 9521A6681BB9E91700F074E5 /* Images.xcassets */; };
		9521A66C1BB9E91700F074E5 /* LaunchScreen.xib in Resources */ = {isa = PBXBuildFile; fileRef = 9521A66A1BB9E91700F074E5 /* LaunchScreen.xib */; };
		9521A6781BB9E91700F074E5 /* DemoFileTests.m in Sources */ = {isa = PBXBuildFile; fileRef = 9521A6771BB9E91700F074E5 /* DemoFileTests.m */; };
		9521A6841BB9E96700F074E5 /* DemoBundleViewController.m in Sources */ = {isa = PBXBuildFile; fileRef = 9521A6821BB9E96700F074E5 /* DemoBundleViewController.m */; };
		9521A6851BB9E96700F074E5 /* DemoBundleViewController.xib in Resources */ = {isa = PBXBuildFile; fileRef = 9521A6831BB9E96700F074E5 /* DemoBundleViewController.xib */; };
		9521A6871BB9E9E200F074E5 /* gradle_icon.png in Resources */ = {isa = PBXBuildFile; fileRef = 9521A6861BB9E9E200F074E5 /* gradle_icon.png */; };
/* End PBXBuildFile section */

/* Begin PBXContainerItemProxy section */
		9521A6721BB9E91700F074E5 /* PBXContainerItemProxy */ = {
			isa = PBXContainerItemProxy;
			containerPortal = 9521A6561BB9E91700F074E5 /* Project object */;
			proxyType = 1;
			remoteGlobalIDString = 9521A65D1BB9E91700F074E5;
			remoteInfo = DemoFile;
		};
/* End PBXContainerItemProxy section */

/* Begin PBXFileReference section */
		9521A65E1BB9E91700F074E5 /* DemoFile.app */ = {isa = PBXFileReference; explicitFileType = wrapper.application; includeInIndex = 0; path = DemoFile.app; sourceTree = BUILT_PRODUCTS_DIR; };
		9521A6621BB9E91700F074E5 /* Info.plist */ = {isa = PBXFileReference; lastKnownFileType = text.plist.xml; path = Info.plist; sourceTree = "<group>"; };
		9521A6631BB9E91700F074E5 /* main.m */ = {isa = PBXFileReference; lastKnownFileType = sourcecode.c.objc; path = main.m; sourceTree = "<group>"; };
		9521A6651BB9E91700F074E5 /* AppDelegate.h */ = {isa = PBXFileReference; lastKnownFileType = sourcecode.c.h; path = AppDelegate.h; sourceTree = "<group>"; };
		9521A6661BB9E91700F074E5 /* AppDelegate.m */ = {isa = PBXFileReference; lastKnownFileType = sourcecode.c.objc; path = AppDelegate.m; sourceTree = "<group>"; };
		9521A6681BB9E91700F074E5 /* Images.xcassets */ = {isa = PBXFileReference; lastKnownFileType = folder.assetcatalog; path = Images.xcassets; sourceTree = "<group>"; };
		9521A66B1BB9E91700F074E5 /* Base */ = {isa = PBXFileReference; lastKnownFileType = file.xib; name = Base; path = Base.lproj/LaunchScreen.xib; sourceTree = "<group>"; };
		9521A6711BB9E91700F074E5 /* DemoFileTests.xctest */ = {isa = PBXFileReference; explicitFileType = wrapper.cfbundle; includeInIndex = 0; path = DemoFileTests.xctest; sourceTree = BUILT_PRODUCTS_DIR; };
		9521A6761BB9E91700F074E5 /* Info.plist */ = {isa = PBXFileReference; lastKnownFileType = text.plist.xml; path = Info.plist; sourceTree = "<group>"; };
		9521A6771BB9E91700F074E5 /* DemoFileTests.m */ = {isa = PBXFileReference; lastKnownFileType = sourcecode.c.objc; path = DemoFileTests.m; sourceTree = "<group>"; };
		9521A6811BB9E96700F074E5 /* DemoBundleViewController.h */ = {isa = PBXFileReference; fileEncoding = 4; lastKnownFileType = sourcecode.c.h; path = DemoBundleViewController.h; sourceTree = "<group>"; };
		9521A6821BB9E96700F074E5 /* DemoBundleViewController.m */ = {isa = PBXFileReference; fileEncoding = 4; lastKnownFileType = sourcecode.c.objc; path = DemoBundleViewController.m; sourceTree = "<group>"; };
		9521A6831BB9E96700F074E5 /* DemoBundleViewController.xib */ = {isa = PBXFileReference; fileEncoding = 4; lastKnownFileType = file.xib; path = DemoBundleViewController.xib; sourceTree = "<group>"; };
		9521A6861BB9E9E200F074E5 /* gradle_icon.png */ = {isa = PBXFileReference; lastKnownFileType = image.png; path = gradle_icon.png; sourceTree = "<group>"; };
/* End PBXFileReference section */

/* Begin PBXFrameworksBuildPhase section */
		9521A65B1BB9E91700F074E5 /* Frameworks */ = {
			isa = PBXFrameworksBuildPhase;
			buildActionMask = 2147483647;
			files = (
			);
			runOnlyForDeploymentPostprocessing = 0;
		};
		9521A66E1BB9E91700F074E5 /* Frameworks */ = {
			isa = PBXFrameworksBuildPhase;
			buildActionMask = 2147483647;
			files = (
			);
			runOnlyForDeploymentPostprocessing = 0;
		};
/* End PBXFrameworksBuildPhase section */

/* Begin PBXGroup section */
		9521A6551BB9E91700F074E5 = {
			isa = PBXGroup;
			children = (
				9521A6601BB9E91700F074E5 /* DemoFile */,
				9521A6741BB9E91700F074E5 /* DemoFileTests */,
				9521A65F1BB9E91700F074E5 /* Products */,
			);
			sourceTree = "<group>";
		};
		9521A65F1BB9E91700F074E5 /* Products */ = {
			isa = PBXGroup;
			children = (
				9521A65E1BB9E91700F074E5 /* DemoFile.app */,
				9521A6711BB9E91700F074E5 /* DemoFileTests.xctest */,
			);
			name = Products;
			sourceTree = "<group>";
		};
		9521A6601BB9E91700F074E5 /* DemoFile */ = {
			isa = PBXGroup;
			children = (
				9521A6861BB9E9E200F074E5 /* gradle_icon.png */,
				9521A6651BB9E91700F074E5 /* AppDelegate.h */,
				9521A6661BB9E91700F074E5 /* AppDelegate.m */,
				9521A6811BB9E96700F074E5 /* DemoBundleViewController.h */,
				9521A6821BB9E96700F074E5 /* DemoBundleViewController.m */,
				9521A6831BB9E96700F074E5 /* DemoBundleViewController.xib */,
				9521A6681BB9E91700F074E5 /* Images.xcassets */,
				9521A6611BB9E91700F074E5 /* Supporting Files */,
			);
			path = DemoFile;
			sourceTree = "<group>";
		};
		9521A6611BB9E91700F074E5 /* Supporting Files */ = {
			isa = PBXGroup;
			children = (
				9521A66A1BB9E91700F074E5 /* LaunchScreen.xib */,
				9521A6621BB9E91700F074E5 /* Info.plist */,
				9521A6631BB9E91700F074E5 /* main.m */,
			);
			name = "Supporting Files";
			sourceTree = "<group>";
		};
		9521A6741BB9E91700F074E5 /* DemoFileTests */ = {
			isa = PBXGroup;
			children = (
				9521A6771BB9E91700F074E5 /* DemoFileTests.m */,
				9521A6751BB9E91700F074E5 /* Supporting Files */,
			);
			path = DemoFileTests;
			sourceTree = "<group>";
		};
		9521A6751BB9E91700F074E5 /* Supporting Files */ = {
			isa = PBXGroup;
			children = (
				9521A6761BB9E91700F074E5 /* Info.plist */,
			);
			name = "Supporting Files";
			sourceTree = "<group>";
		};
/* End PBXGroup section */

/* Begin PBXNativeTarget section */
		9521A65D1BB9E91700F074E5 /* DemoFile */ = {
			isa = PBXNativeTarget;
			buildConfigurationList = 9521A67B1BB9E91700F074E5 /* Build configuration list for PBXNativeTarget "DemoFile" */;
			buildPhases = (
				9521A65A1BB9E91700F074E5 /* Sources */,
				9521A65B1BB9E91700F074E5 /* Frameworks */,
				9521A65C1BB9E91700F074E5 /* Resources */,
			);
			buildRules = (
			);
			dependencies = (
			);
			name = DemoFile;
			productName = DemoFile;
			productReference = 9521A65E1BB9E91700F074E5 /* DemoFile.app */;
			productType = "com.apple.product-type.application";
		};
		9521A6701BB9E91700F074E5 /* DemoFileTests */ = {
			isa = PBXNativeTarget;
			buildConfigurationList = 9521A67E1BB9E91700F074E5 /* Build configuration list for PBXNativeTarget "DemoFileTests" */;
			buildPhases = (
				9521A66D1BB9E91700F074E5 /* Sources */,
				9521A66E1BB9E91700F074E5 /* Frameworks */,
				9521A66F1BB9E91700F074E5 /* Resources */,
			);
			buildRules = (
			);
			dependencies = (
				9521A6731BB9E91700F074E5 /* PBXTargetDependency */,
			);
			name = DemoFileTests;
			productName = DemoFileTests;
			productReference = 9521A6711BB9E91700F074E5 /* DemoFileTests.xctest */;
			productType = "com.apple.product-type.bundle.unit-test";
		};
/* End PBXNativeTarget section */

/* Begin PBXProject section */
		9521A6561BB9E91700F074E5 /* Project object */ = {
			isa = PBXProject;
			attributes = {
				LastUpgradeCheck = 0600;
				ORGANIZATIONNAME = "Jia Wang";
				TargetAttributes = {
					9521A65D1BB9E91700F074E5 = {
						CreatedOnToolsVersion = 6.0.1;
					};
					9521A6701BB9E91700F074E5 = {
						CreatedOnToolsVersion = 6.0.1;
						TestTargetID = 9521A65D1BB9E91700F074E5;
					};
				};
			};
			buildConfigurationList = 9521A6591BB9E91700F074E5 /* Build configuration list for PBXProject "DemoFile" */;
			compatibilityVersion = "Xcode 3.2";
			developmentRegion = English;
			hasScannedForEncodings = 0;
			knownRegions = (
				en,
				Base,
			);
			mainGroup = 9521A6551BB9E91700F074E5;
			productRefGroup = 9521A65F1BB9E91700F074E5 /* Products */;
			projectDirPath = "";
			projectRoot = "";
			targets = (
				9521A65D1BB9E91700F074E5 /* DemoFile */,
				9521A6701BB9E91700F074E5 /* DemoFileTests */,
			);
		};
/* End PBXProject section */

/* Begin PBXResourcesBuildPhase section */
		9521A65C1BB9E91700F074E5 /* Resources */ = {
			isa = PBXResourcesBuildPhase;
			buildActionMask = 2147483647;
			files = (
				9521A66C1BB9E91700F074E5 /* LaunchScreen.xib in Resources */,
				9521A6871BB9E9E200F074E5 /* gradle_icon.png in Resources */,
				9521A6851BB9E96700F074E5 /* DemoBundleViewController.xib in Resources */,
				9521A6691BB9E91700F074E5 /* Images.xcassets in Resources */,
			);
			runOnlyForDeploymentPostprocessing = 0;
		};
		9521A66F1BB9E91700F074E5 /* Resources */ = {
			isa = PBXResourcesBuildPhase;
			buildActionMask = 2147483647;
			files = (
			);
			runOnlyForDeploymentPostprocessing = 0;
		};
/* End PBXResourcesBuildPhase section */

/* Begin PBXSourcesBuildPhase section */
		9521A65A1BB9E91700F074E5 /* Sources */ = {
			isa = PBXSourcesBuildPhase;
			buildActionMask = 2147483647;
			files = (
				9521A6671BB9E91700F074E5 /* AppDelegate.m in Sources */,
				9521A6641BB9E91700F074E5 /* main.m in Sources */,
				9521A6841BB9E96700F074E5 /* DemoBundleViewController.m in Sources */,
			);
			runOnlyForDeploymentPostprocessing = 0;
		};
		9521A66D1BB9E91700F074E5 /* Sources */ = {
			isa = PBXSourcesBuildPhase;
			buildActionMask = 2147483647;
			files = (
				9521A6781BB9E91700F074E5 /* DemoFileTests.m in Sources */,
			);
			runOnlyForDeploymentPostprocessing = 0;
		};
/* End PBXSourcesBuildPhase section */

/* Begin PBXTargetDependency section */
		9521A6731BB9E91700F074E5 /* PBXTargetDependency */ = {
			isa = PBXTargetDependency;
			target = 9521A65D1BB9E91700F074E5 /* DemoFile */;
			targetProxy = 9521A6721BB9E91700F074E5 /* PBXContainerItemProxy */;
		};
/* End PBXTargetDependency section */

/* Begin PBXVariantGroup section */
		9521A66A1BB9E91700F074E5 /* LaunchScreen.xib */ = {
			isa = PBXVariantGroup;
			children = (
				9521A66B1BB9E91700F074E5 /* Base */,
			);
			name = LaunchScreen.xib;
			sourceTree = "<group>";
		};
/* End PBXVariantGroup section */

/* Begin XCBuildConfiguration section */
		9521A6791BB9E91700F074E5 /* Debug */ = {
			isa = XCBuildConfiguration;
			buildSettings = {
				ALWAYS_SEARCH_USER_PATHS = NO;
				CLANG_CXX_LANGUAGE_STANDARD = "gnu++0x";
				CLANG_CXX_LIBRARY = "libc++";
				CLANG_ENABLE_MODULES = YES;
				CLANG_ENABLE_OBJC_ARC = YES;
				CLANG_WARN_BOOL_CONVERSION = YES;
				CLANG_WARN_CONSTANT_CONVERSION = YES;
				CLANG_WARN_DIRECT_OBJC_ISA_USAGE = YES_ERROR;
				CLANG_WARN_EMPTY_BODY = YES;
				CLANG_WARN_ENUM_CONVERSION = YES;
				CLANG_WARN_INT_CONVERSION = YES;
				CLANG_WARN_OBJC_ROOT_CLASS = YES_ERROR;
				CLANG_WARN_UNREACHABLE_CODE = YES;
				CLANG_WARN__DUPLICATE_METHOD_MATCH = YES;
				"CODE_SIGN_IDENTITY[sdk=iphoneos*]" = "iPhone Developer";
				COPY_PHASE_STRIP = NO;
				ENABLE_STRICT_OBJC_MSGSEND = YES;
				GCC_C_LANGUAGE_STANDARD = gnu99;
				GCC_DYNAMIC_NO_PIC = NO;
				GCC_OPTIMIZATION_LEVEL = 0;
				GCC_PREPROCESSOR_DEFINITIONS = (
					"DEBUG=1",
					"$(inherited)",
				);
				GCC_SYMBOLS_PRIVATE_EXTERN = NO;
				GCC_WARN_64_TO_32_BIT_CONVERSION = YES;
				GCC_WARN_ABOUT_RETURN_TYPE = YES_ERROR;
				GCC_WARN_UNDECLARED_SELECTOR = YES;
				GCC_WARN_UNINITIALIZED_AUTOS = YES_AGGRESSIVE;
				GCC_WARN_UNUSED_FUNCTION = YES;
				GCC_WARN_UNUSED_VARIABLE = YES;
				IPHONEOS_DEPLOYMENT_TARGET = 8.0;
				MTL_ENABLE_DEBUG_INFO = YES;
				ONLY_ACTIVE_ARCH = YES;
				SDKROOT = iphoneos;
			};
			name = Debug;
		};
		9521A67A1BB9E91700F074E5 /* Release */ = {
			isa = XCBuildConfiguration;
			buildSettings = {
				ALWAYS_SEARCH_USER_PATHS = NO;
				CLANG_CXX_LANGUAGE_STANDARD = "gnu++0x";
				CLANG_CXX_LIBRARY = "libc++";
				CLANG_ENABLE_MODULES = YES;
				CLANG_ENABLE_OBJC_ARC = YES;
				CLANG_WARN_BOOL_CONVERSION = YES;
				CLANG_WARN_CONSTANT_CONVERSION = YES;
				CLANG_WARN_DIRECT_OBJC_ISA_USAGE = YES_ERROR;
				CLANG_WARN_EMPTY_BODY = YES;
				CLANG_WARN_ENUM_CONVERSION = YES;
				CLANG_WARN_INT_CONVERSION = YES;
				CLANG_WARN_OBJC_ROOT_CLASS = YES_ERROR;
				CLANG_WARN_UNREACHABLE_CODE = YES;
				CLANG_WARN__DUPLICATE_METHOD_MATCH = YES;
				"CODE_SIGN_IDENTITY[sdk=iphoneos*]" = "iPhone Developer";
				COPY_PHASE_STRIP = YES;
				ENABLE_NS_ASSERTIONS = NO;
				ENABLE_STRICT_OBJC_MSGSEND = YES;
				GCC_C_LANGUAGE_STANDARD = gnu99;
				GCC_WARN_64_TO_32_BIT_CONVERSION = YES;
				GCC_WARN_ABOUT_RETURN_TYPE = YES_ERROR;
				GCC_WARN_UNDECLARED_SELECTOR = YES;
				GCC_WARN_UNINITIALIZED_AUTOS = YES_AGGRESSIVE;
				GCC_WARN_UNUSED_FUNCTION = YES;
				GCC_WARN_UNUSED_VARIABLE = YES;
				IPHONEOS_DEPLOYMENT_TARGET = 8.0;
				MTL_ENABLE_DEBUG_INFO = NO;
				SDKROOT = iphoneos;
				VALIDATE_PRODUCT = YES;
			};
			name = Release;
		};
		9521A67C1BB9E91700F074E5 /* Debug */ = {
			isa = XCBuildConfiguration;
			buildSettings = {
				ASSETCATALOG_COMPILER_APPICON_NAME = AppIcon;
				ASSETCATALOG_COMPILER_LAUNCHIMAGE_NAME = LaunchImage;
				INFOPLIST_FILE = DemoFile/Info.plist;
				IPHONEOS_DEPLOYMENT_TARGET = 7.0;
				LD_RUNPATH_SEARCH_PATHS = "$(inherited) @executable_path/Frameworks";
				PRODUCT_NAME = "$(TARGET_NAME)";
			};
			name = Debug;
		};
		9521A67D1BB9E91700F074E5 /* Release */ = {
			isa = XCBuildConfiguration;
			buildSettings = {
				ASSETCATALOG_COMPILER_APPICON_NAME = AppIcon;
				ASSETCATALOG_COMPILER_LAUNCHIMAGE_NAME = LaunchImage;
				INFOPLIST_FILE = DemoFile/Info.plist;
				IPHONEOS_DEPLOYMENT_TARGET = 7.0;
				LD_RUNPATH_SEARCH_PATHS = "$(inherited) @executable_path/Frameworks";
				PRODUCT_NAME = "$(TARGET_NAME)";
			};
			name = Release;
		};
		9521A67F1BB9E91700F074E5 /* Debug */ = {
			isa = XCBuildConfiguration;
			buildSettings = {
				BUNDLE_LOADER = "$(TEST_HOST)";
				FRAMEWORK_SEARCH_PATHS = (
					"$(SDKROOT)/Developer/Library/Frameworks",
					"$(inherited)",
				);
				GCC_PREPROCESSOR_DEFINITIONS = (
					"DEBUG=1",
					"$(inherited)",
				);
				INFOPLIST_FILE = DemoFileTests/Info.plist;
				LD_RUNPATH_SEARCH_PATHS = "$(inherited) @executable_path/Frameworks @loader_path/Frameworks";
				PRODUCT_NAME = "$(TARGET_NAME)";
				TEST_HOST = "$(BUILT_PRODUCTS_DIR)/DemoFile.app/DemoFile";
			};
			name = Debug;
		};
		9521A6801BB9E91700F074E5 /* Release */ = {
			isa = XCBuildConfiguration;
			buildSettings = {
				BUNDLE_LOADER = "$(TEST_HOST)";
				FRAMEWORK_SEARCH_PATHS = (
					"$(SDKROOT)/Developer/Library/Frameworks",
					"$(inherited)",
				);
				INFOPLIST_FILE = DemoFileTests/Info.plist;
				LD_RUNPATH_SEARCH_PATHS = "$(inherited) @executable_path/Frameworks @loader_path/Frameworks";
				PRODUCT_NAME = "$(TARGET_NAME)";
				TEST_HOST = "$(BUILT_PRODUCTS_DIR)/DemoFile.app/DemoFile";
			};
			name = Release;
		};
/* End XCBuildConfiguration section */

/* Begin XCConfigurationList section */
		9521A6591BB9E91700F074E5 /* Build configuration list for PBXProject "DemoFile" */ = {
			isa = XCConfigurationList;
			buildConfigurations = (
				9521A6791BB9E91700F074E5 /* Debug */,
				9521A67A1BB9E91700F074E5 /* Release */,
			);
			defaultConfigurationIsVisible = 0;
			defaultConfigurationName = Release;
		};
		9521A67B1BB9E91700F074E5 /* Build configuration list for PBXNativeTarget "DemoFile" */ = {
			isa = XCConfigurationList;
			buildConfigurations = (
				9521A67C1BB9E91700F074E5 /* Debug */,
				9521A67D1BB9E91700F074E5 /* Release */,
			);
			defaultConfigurationIsVisible = 0;
		};
		9521A67E1BB9E91700F074E5 /* Build configuration list for PBXNativeTarget "DemoFileTests" */ = {
			isa = XCConfigurationList;
			buildConfigurations = (
				9521A67F1BB9E91700F074E5 /* Debug */,
				9521A6801BB9E91700F074E5 /* Release */,
			);
			defaultConfigurationIsVisible = 0;
		};
/* End XCConfigurationList section */
	};
	rootObject = 9521A6561BB9E91700F074E5 /* Project object */;
}
